
Microsoft Visual Studio Solution File, Format Version 12.00
# Visual Studio Version 17
VisualStudioVersion = 17.9.34728.123
MinimumVisualStudioVersion = 10.0.40219.1
Project("{FAE04EC0-301F-11D3-BF4B-00C04F79EFBC}") = "InversionesLtda.API", "InversionesLtda.API.csproj", "{1A98BB59-C689-4154-B3B9-39A80E0D2666}"
EndProject
Global
	GlobalSection(SolutionConfigurationPlatforms) = preSolution
		Debug|Any CPU = Debug|Any CPU
		Release|Any CPU = Release|Any CPU
	EndGlobalSection
	GlobalSection(ProjectConfigurationPlatforms) = postSolution
		{1A98BB59-C689-4154-B3B9-39A80E0D2666}.Debug|Any CPU.ActiveCfg = Debug|Any CPU
		{1A98BB59-C689-4154-B3B9-39A80E0D2666}.Debug|Any CPU.Build.0 = Debug|Any CPU
		{1A98BB59-C689-4154-B3B9-39A80E0D2666}.Release|Any CPU.ActiveCfg = Release|Any CPU
		{1A98BB59-C689-4154-B3B9-39A80E0D2666}.Release|Any CPU.Build.0 = Release|Any CPU
	EndGlobalSection
	GlobalSection(SolutionProperties) = preSolution
		HideSolutionNode = FALSE
	EndGlobalSection
	GlobalSection(ExtensibilityGlobals) = postSolution
		SolutionGuid = {A444B6F3-4860-426C-B2C0-3E6E535AAB85}
	EndGlobalSection
EndGlobal
